// !$*UTF8*$!
{
	archiveVersion = 1;
	classes = {
	};
	objectVersion = 56;
	objects = {

/* Begin PBXBuildFile section */
		61042D872C46ACCE00CC8B4C /* AppDelegate.swift in Sources */ = {isa = PBXBuildFile; fileRef = 61042D862C46ACCE00CC8B4C /* AppDelegate.swift */; };
		61042D892C46ACCE00CC8B4C /* SceneDelegate.swift in Sources */ = {isa = PBXBuildFile; fileRef = 61042D882C46ACCE00CC8B4C /* SceneDelegate.swift */; };
		61042D8B2C46ACCE00CC8B4C /* ViewController.swift in Sources */ = {isa = PBXBuildFile; fileRef = 61042D8A2C46ACCE00CC8B4C /* ViewController.swift */; };
		61042D8E2C46ACCE00CC8B4C /* Base in Resources */ = {isa = PBXBuildFile; fileRef = 61042D8D2C46ACCE00CC8B4C /* Base */; };
		61042D902C46ACD000CC8B4C /* Assets.xcassets in Resources */ = {isa = PBXBuildFile; fileRef = 61042D8F2C46ACD000CC8B4C /* Assets.xcassets */; };
		61042D932C46ACD000CC8B4C /* Base in Resources */ = {isa = PBXBuildFile; fileRef = 61042D922C46ACD000CC8B4C /* Base */; };
		6196DB9A2C57C8C700423604 /* PetitionsListProtocols.swift in Sources */ = {isa = PBXBuildFile; fileRef = 6196DB992C57C8C700423604 /* PetitionsListProtocols.swift */; };
		6196DB9C2C57C91500423604 /* PetitionsListViewController.swift in Sources */ = {isa = PBXBuildFile; fileRef = 6196DB9B2C57C91500423604 /* PetitionsListViewController.swift */; };
		6196DBA22C57CD0800423604 /* PetitionsRepoImplementation.swift in Sources */ = {isa = PBXBuildFile; fileRef = 6196DBA12C57CD0800423604 /* PetitionsRepoImplementation.swift */; };
		6196DBA42C57D21700423604 /* PetitionsListInteractor.swift in Sources */ = {isa = PBXBuildFile; fileRef = 6196DBA32C57D21700423604 /* PetitionsListInteractor.swift */; };
		6196DBA62C57D61B00423604 /* PetitionsListPresenterImplementation.swift in Sources */ = {isa = PBXBuildFile; fileRef = 6196DBA52C57D61B00423604 /* PetitionsListPresenterImplementation.swift */; };
		6196DBA82C57D79600423604 /* PetitionsListRouterImplementation.swift in Sources */ = {isa = PBXBuildFile; fileRef = 6196DBA72C57D79600423604 /* PetitionsListRouterImplementation.swift */; };
		6196DBAA2C57D80C00423604 /* PetitionsListBuilder.swift in Sources */ = {isa = PBXBuildFile; fileRef = 6196DBA92C57D80C00423604 /* PetitionsListBuilder.swift */; };
		61B417E52C47B7D300F2919D /* Petition.swift in Sources */ = {isa = PBXBuildFile; fileRef = 61B417E42C47B7D300F2919D /* Petition.swift */; };
		61B417E72C47B7F100F2919D /* Petitions.swift in Sources */ = {isa = PBXBuildFile; fileRef = 61B417E62C47B7F100F2919D /* Petitions.swift */; };
		61B417E92C47BC5F00F2919D /* DetailViewController.swift in Sources */ = {isa = PBXBuildFile; fileRef = 61B417E82C47BC5F00F2919D /* DetailViewController.swift */; };
/* End PBXBuildFile section */

/* Begin PBXFileReference section */
		61042D832C46ACCE00CC8B4C /* Project7.app */ = {isa = PBXFileReference; explicitFileType = wrapper.application; includeInIndex = 0; path = Project7.app; sourceTree = BUILT_PRODUCTS_DIR; };
		61042D862C46ACCE00CC8B4C /* AppDelegate.swift */ = {isa = PBXFileReference; lastKnownFileType = sourcecode.swift; path = AppDelegate.swift; sourceTree = "<group>"; };
		61042D882C46ACCE00CC8B4C /* SceneDelegate.swift */ = {isa = PBXFileReference; lastKnownFileType = sourcecode.swift; path = SceneDelegate.swift; sourceTree = "<group>"; };
		61042D8A2C46ACCE00CC8B4C /* ViewController.swift */ = {isa = PBXFileReference; lastKnownFileType = sourcecode.swift; path = ViewController.swift; sourceTree = "<group>"; };
		61042D8D2C46ACCE00CC8B4C /* Base */ = {isa = PBXFileReference; lastKnownFileType = file.storyboard; name = Base; path = Base.lproj/Main.storyboard; sourceTree = "<group>"; };
		61042D8F2C46ACD000CC8B4C /* Assets.xcassets */ = {isa = PBXFileReference; lastKnownFileType = folder.assetcatalog; path = Assets.xcassets; sourceTree = "<group>"; };
		61042D922C46ACD000CC8B4C /* Base */ = {isa = PBXFileReference; lastKnownFileType = file.storyboard; name = Base; path = Base.lproj/LaunchScreen.storyboard; sourceTree = "<group>"; };
		61042D942C46ACD000CC8B4C /* Info.plist */ = {isa = PBXFileReference; lastKnownFileType = text.plist.xml; path = Info.plist; sourceTree = "<group>"; };
		6196DB992C57C8C700423604 /* PetitionsListProtocols.swift */ = {isa = PBXFileReference; fileEncoding = 4; lastKnownFileType = sourcecode.swift; path = PetitionsListProtocols.swift; sourceTree = "<group>"; };
		6196DB9B2C57C91500423604 /* PetitionsListViewController.swift */ = {isa = PBXFileReference; lastKnownFileType = sourcecode.swift; path = PetitionsListViewController.swift; sourceTree = "<group>"; };
		6196DBA12C57CD0800423604 /* PetitionsRepoImplementation.swift */ = {isa = PBXFileReference; lastKnownFileType = sourcecode.swift; path = PetitionsRepoImplementation.swift; sourceTree = "<group>"; };
		6196DBA32C57D21700423604 /* PetitionsListInteractor.swift */ = {isa = PBXFileReference; lastKnownFileType = sourcecode.swift; path = PetitionsListInteractor.swift; sourceTree = "<group>"; };
		6196DBA52C57D61B00423604 /* PetitionsListPresenterImplementation.swift */ = {isa = PBXFileReference; lastKnownFileType = sourcecode.swift; path = PetitionsListPresenterImplementation.swift; sourceTree = "<group>"; };
		6196DBA72C57D79600423604 /* PetitionsListRouterImplementation.swift */ = {isa = PBXFileReference; lastKnownFileType = sourcecode.swift; path = PetitionsListRouterImplementation.swift; sourceTree = "<group>"; };
		6196DBA92C57D80C00423604 /* PetitionsListBuilder.swift */ = {isa = PBXFileReference; lastKnownFileType = sourcecode.swift; path = PetitionsListBuilder.swift; sourceTree = "<group>"; };
		61B417E42C47B7D300F2919D /* Petition.swift */ = {isa = PBXFileReference; lastKnownFileType = sourcecode.swift; path = Petition.swift; sourceTree = "<group>"; };
		61B417E62C47B7F100F2919D /* Petitions.swift */ = {isa = PBXFileReference; lastKnownFileType = sourcecode.swift; path = Petitions.swift; sourceTree = "<group>"; };
		61B417E82C47BC5F00F2919D /* DetailViewController.swift */ = {isa = PBXFileReference; lastKnownFileType = sourcecode.swift; path = DetailViewController.swift; sourceTree = "<group>"; };
/* End PBXFileReference section */

/* Begin PBXFrameworksBuildPhase section */
		61042D802C46ACCE00CC8B4C /* Frameworks */ = {
			isa = PBXFrameworksBuildPhase;
			buildActionMask = 2147483647;
			files = (
			);
			runOnlyForDeploymentPostprocessing = 0;
		};
/* End PBXFrameworksBuildPhase section */

/* Begin PBXGroup section */
		61042D7A2C46ACCE00CC8B4C = {
			isa = PBXGroup;
			children = (
				61042D852C46ACCE00CC8B4C /* Project7 */,
				61042D842C46ACCE00CC8B4C /* Products */,
			);
			sourceTree = "<group>";
		};
		61042D842C46ACCE00CC8B4C /* Products */ = {
			isa = PBXGroup;
			children = (
				61042D832C46ACCE00CC8B4C /* Project7.app */,
			);
			name = Products;
			sourceTree = "<group>";
		};
		61042D852C46ACCE00CC8B4C /* Project7 */ = {
			isa = PBXGroup;
			children = (
				6196DB8E2C57C6F200423604 /* VIPER */,
				61042D862C46ACCE00CC8B4C /* AppDelegate.swift */,
				61042D882C46ACCE00CC8B4C /* SceneDelegate.swift */,
				61042D8A2C46ACCE00CC8B4C /* ViewController.swift */,
				61B417E82C47BC5F00F2919D /* DetailViewController.swift */,
				61042D8C2C46ACCE00CC8B4C /* Main.storyboard */,
				61042D8F2C46ACD000CC8B4C /* Assets.xcassets */,
				61042D912C46ACD000CC8B4C /* LaunchScreen.storyboard */,
				61042D942C46ACD000CC8B4C /* Info.plist */,
			);
			path = Project7;
			sourceTree = "<group>";
		};
		6196DB8E2C57C6F200423604 /* VIPER */ = {
			isa = PBXGroup;
			children = (
				6196DB962C57C7E400423604 /* Protocols */,
				6196DB912C57C72600423604 /* Views */,
				6196DB902C57C70E00423604 /* Interactors */,
				6196DB952C57C79D00423604 /* Presenters */,
				6196DB922C57C72D00423604 /* Entities */,
				6196DB932C57C75900423604 /* Routers */,
				6196DBA92C57D80C00423604 /* PetitionsListBuilder.swift */,
			);
			path = VIPER;
			sourceTree = "<group>";
		};
		6196DB902C57C70E00423604 /* Interactors */ = {
			isa = PBXGroup;
			children = (
				6196DBA12C57CD0800423604 /* PetitionsRepoImplementation.swift */,
				6196DBA32C57D21700423604 /* PetitionsListInteractor.swift */,
			);
			path = Interactors;
			sourceTree = "<group>";
		};
		6196DB912C57C72600423604 /* Views */ = {
			isa = PBXGroup;
			children = (
				6196DB9B2C57C91500423604 /* PetitionsListViewController.swift */,
			);
			path = Views;
			sourceTree = "<group>";
		};
		6196DB922C57C72D00423604 /* Entities */ = {
			isa = PBXGroup;
			children = (
				61B417E42C47B7D300F2919D /* Petition.swift */,
				61B417E62C47B7F100F2919D /* Petitions.swift */,
			);
			path = Entities;
			sourceTree = "<group>";
		};
		6196DB932C57C75900423604 /* Routers */ = {
			isa = PBXGroup;
			children = (
				6196DBA72C57D79600423604 /* PetitionsListRouterImplementation.swift */,
			);
			path = Routers;
			sourceTree = "<group>";
		};
		6196DB952C57C79D00423604 /* Presenters */ = {
			isa = PBXGroup;
			children = (
				6196DBA52C57D61B00423604 /* PetitionsListPresenterImplementation.swift */,
			);
			path = Presenters;
			sourceTree = "<group>";
		};
		6196DB962C57C7E400423604 /* Protocols */ = {
			isa = PBXGroup;
			children = (
				6196DB992C57C8C700423604 /* PetitionsListProtocols.swift */,
			);
			path = Protocols;
			sourceTree = "<group>";
		};
/* End PBXGroup section */

/* Begin PBXNativeTarget section */
		61042D822C46ACCE00CC8B4C /* Project7 */ = {
			isa = PBXNativeTarget;
			buildConfigurationList = 61042D972C46ACD000CC8B4C /* Build configuration list for PBXNativeTarget "Project7" */;
			buildPhases = (
				61042D7F2C46ACCE00CC8B4C /* Sources */,
				61042D802C46ACCE00CC8B4C /* Frameworks */,
				61042D812C46ACCE00CC8B4C /* Resources */,
			);
			buildRules = (
			);
			dependencies = (
			);
			name = Project7;
			productName = Project7;
			productReference = 61042D832C46ACCE00CC8B4C /* Project7.app */;
			productType = "com.apple.product-type.application";
		};
/* End PBXNativeTarget section */

/* Begin PBXProject section */
		61042D7B2C46ACCE00CC8B4C /* Project object */ = {
			isa = PBXProject;
			attributes = {
				BuildIndependentTargetsInParallel = 1;
				LastSwiftUpdateCheck = 1540;
				LastUpgradeCheck = 1540;
				TargetAttributes = {
					61042D822C46ACCE00CC8B4C = {
						CreatedOnToolsVersion = 15.4;
					};
				};
			};
			buildConfigurationList = 61042D7E2C46ACCE00CC8B4C /* Build configuration list for PBXProject "Project7" */;
			compatibilityVersion = "Xcode 14.0";
			developmentRegion = en;
			hasScannedForEncodings = 0;
			knownRegions = (
				en,
				Base,
			);
			mainGroup = 61042D7A2C46ACCE00CC8B4C;
			productRefGroup = 61042D842C46ACCE00CC8B4C /* Products */;
			projectDirPath = "";
			projectRoot = "";
			targets = (
				61042D822C46ACCE00CC8B4C /* Project7 */,
			);
		};
/* End PBXProject section */

/* Begin PBXResourcesBuildPhase section */
		61042D812C46ACCE00CC8B4C /* Resources */ = {
			isa = PBXResourcesBuildPhase;
			buildActionMask = 2147483647;
			files = (
				61042D902C46ACD000CC8B4C /* Assets.xcassets in Resources */,
				61042D932C46ACD000CC8B4C /* Base in Resources */,
				61042D8E2C46ACCE00CC8B4C /* Base in Resources */,
			);
			runOnlyForDeploymentPostprocessing = 0;
		};
/* End PBXResourcesBuildPhase section */

/* Begin PBXSourcesBuildPhase section */
		61042D7F2C46ACCE00CC8B4C /* Sources */ = {
			isa = PBXSourcesBuildPhase;
			buildActionMask = 2147483647;
			files = (
				6196DB9A2C57C8C700423604 /* PetitionsListProtocols.swift in Sources */,
				61042D8B2C46ACCE00CC8B4C /* ViewController.swift in Sources */,
				6196DB9C2C57C91500423604 /* PetitionsListViewController.swift in Sources */,
				6196DBA62C57D61B00423604 /* PetitionsListPresenterImplementation.swift in Sources */,
				61B417E52C47B7D300F2919D /* Petition.swift in Sources */,
				61042D872C46ACCE00CC8B4C /* AppDelegate.swift in Sources */,
				6196DBAA2C57D80C00423604 /* PetitionsListBuilder.swift in Sources */,
				61B417E92C47BC5F00F2919D /* DetailViewController.swift in Sources */,
				6196DBA42C57D21700423604 /* PetitionsListInteractor.swift in Sources */,
				6196DBA82C57D79600423604 /* PetitionsListRouterImplementation.swift in Sources */,
				6196DBA22C57CD0800423604 /* PetitionsRepoImplementation.swift in Sources */,
				61042D892C46ACCE00CC8B4C /* SceneDelegate.swift in Sources */,
				61B417E72C47B7F100F2919D /* Petitions.swift in Sources */,
			);
			runOnlyForDeploymentPostprocessing = 0;
		};
/* End PBXSourcesBuildPhase section */

/* Begin PBXVariantGroup section */
		61042D8C2C46ACCE00CC8B4C /* Main.storyboard */ = {
			isa = PBXVariantGroup;
			children = (
				61042D8D2C46ACCE00CC8B4C /* Base */,
			);
			name = Main.storyboard;
			sourceTree = "<group>";
		};
		61042D912C46ACD000CC8B4C /* LaunchScreen.storyboard */ = {
			isa = PBXVariantGroup;
			children = (
				61042D922C46ACD000CC8B4C /* Base */,
			);
			name = LaunchScreen.storyboard;
			sourceTree = "<group>";
		};
/* End PBXVariantGroup section */

/* Begin XCBuildConfiguration section */
		61042D952C46ACD000CC8B4C /* Debug */ = {
			isa = XCBuildConfiguration;
			buildSettings = {
				ALWAYS_SEARCH_USER_PATHS = NO;
				ASSETCATALOG_COMPILER_GENERATE_SWIFT_ASSET_SYMBOL_EXTENSIONS = YES;
				CLANG_ANALYZER_NONNULL = YES;
				CLANG_ANALYZER_NUMBER_OBJECT_CONVERSION = YES_AGGRESSIVE;
				CLANG_CXX_LANGUAGE_STANDARD = "gnu++20";
				CLANG_ENABLE_MODULES = YES;
				CLANG_ENABLE_OBJC_ARC = YES;
				CLANG_ENABLE_OBJC_WEAK = YES;
				CLANG_WARN_BLOCK_CAPTURE_AUTORELEASING = YES;
				CLANG_WARN_BOOL_CONVERSION = YES;
				CLANG_WARN_COMMA = YES;
				CLANG_WARN_CONSTANT_CONVERSION = YES;
				CLANG_WARN_DEPRECATED_OBJC_IMPLEMENTATIONS = YES;
				CLANG_WARN_DIRECT_OBJC_ISA_USAGE = YES_ERROR;
				CLANG_WARN_DOCUMENTATION_COMMENTS = YES;
				CLANG_WARN_EMPTY_BODY = YES;
				CLANG_WARN_ENUM_CONVERSION = YES;
				CLANG_WARN_INFINITE_RECURSION = YES;
				CLANG_WARN_INT_CONVERSION = YES;
				CLANG_WARN_NON_LITERAL_NULL_CONVERSION = YES;
				CLANG_WARN_OBJC_IMPLICIT_RETAIN_SELF = YES;
				CLANG_WARN_OBJC_LITERAL_CONVERSION = YES;
				CLANG_WARN_OBJC_ROOT_CLASS = YES_ERROR;
				CLANG_WARN_QUOTED_INCLUDE_IN_FRAMEWORK_HEADER = YES;
				CLANG_WARN_RANGE_LOOP_ANALYSIS = YES;
				CLANG_WARN_STRICT_PROTOTYPES = YES;
				CLANG_WARN_SUSPICIOUS_MOVE = YES;
				CLANG_WARN_UNGUARDED_AVAILABILITY = YES_AGGRESSIVE;
				CLANG_WARN_UNREACHABLE_CODE = YES;
				CLANG_WARN__DUPLICATE_METHOD_MATCH = YES;
				COPY_PHASE_STRIP = NO;
				DEBUG_INFORMATION_FORMAT = dwarf;
				ENABLE_STRICT_OBJC_MSGSEND = YES;
				ENABLE_TESTABILITY = YES;
				ENABLE_USER_SCRIPT_SANDBOXING = YES;
				GCC_C_LANGUAGE_STANDARD = gnu17;
				GCC_DYNAMIC_NO_PIC = NO;
				GCC_NO_COMMON_BLOCKS = YES;
				GCC_OPTIMIZATION_LEVEL = 0;
				GCC_PREPROCESSOR_DEFINITIONS = (
					"DEBUG=1",
					"$(inherited)",
				);
				GCC_WARN_64_TO_32_BIT_CONVERSION = YES;
				GCC_WARN_ABOUT_RETURN_TYPE = YES_ERROR;
				GCC_WARN_UNDECLARED_SELECTOR = YES;
				GCC_WARN_UNINITIALIZED_AUTOS = YES_AGGRESSIVE;
				GCC_WARN_UNUSED_FUNCTION = YES;
				GCC_WARN_UNUSED_VARIABLE = YES;
				IPHONEOS_DEPLOYMENT_TARGET = 17.5;
				LOCALIZATION_PREFERS_STRING_CATALOGS = YES;
				MTL_ENABLE_DEBUG_INFO = INCLUDE_SOURCE;
				MTL_FAST_MATH = YES;
				ONLY_ACTIVE_ARCH = YES;
				SDKROOT = iphoneos;
				SWIFT_ACTIVE_COMPILATION_CONDITIONS = "DEBUG $(inherited)";
				SWIFT_OPTIMIZATION_LEVEL = "-Onone";
			};
			name = Debug;
		};
		61042D962C46ACD000CC8B4C /* Release */ = {
			isa = XCBuildConfiguration;
			buildSettings = {
				ALWAYS_SEARCH_USER_PATHS = NO;
				ASSETCATALOG_COMPILER_GENERATE_SWIFT_ASSET_SYMBOL_EXTENSIONS = YES;
				CLANG_ANALYZER_NONNULL = YES;
				CLANG_ANALYZER_NUMBER_OBJECT_CONVERSION = YES_AGGRESSIVE;
				CLANG_CXX_LANGUAGE_STANDARD = "gnu++20";
				CLANG_ENABLE_MODULES = YES;
				CLANG_ENABLE_OBJC_ARC = YES;
				CLANG_ENABLE_OBJC_WEAK = YES;
				CLANG_WARN_BLOCK_CAPTURE_AUTORELEASING = YES;
				CLANG_WARN_BOOL_CONVERSION = YES;
				CLANG_WARN_COMMA = YES;
				CLANG_WARN_CONSTANT_CONVERSION = YES;
				CLANG_WARN_DEPRECATED_OBJC_IMPLEMENTATIONS = YES;
				CLANG_WARN_DIRECT_OBJC_ISA_USAGE = YES_ERROR;
				CLANG_WARN_DOCUMENTATION_COMMENTS = YES;
				CLANG_WARN_EMPTY_BODY = YES;
				CLANG_WARN_ENUM_CONVERSION = YES;
				CLANG_WARN_INFINITE_RECURSION = YES;
				CLANG_WARN_INT_CONVERSION = YES;
				CLANG_WARN_NON_LITERAL_NULL_CONVERSION = YES;
				CLANG_WARN_OBJC_IMPLICIT_RETAIN_SELF = YES;
				CLANG_WARN_OBJC_LITERAL_CONVERSION = YES;
				CLANG_WARN_OBJC_ROOT_CLASS = YES_ERROR;
				CLANG_WARN_QUOTED_INCLUDE_IN_FRAMEWORK_HEADER = YES;
				CLANG_WARN_RANGE_LOOP_ANALYSIS = YES;
				CLANG_WARN_STRICT_PROTOTYPES = YES;
				CLANG_WARN_SUSPICIOUS_MOVE = YES;
				CLANG_WARN_UNGUARDED_AVAILABILITY = YES_AGGRESSIVE;
				CLANG_WARN_UNREACHABLE_CODE = YES;
				CLANG_WARN__DUPLICATE_METHOD_MATCH = YES;
				COPY_PHASE_STRIP = NO;
				DEBUG_INFORMATION_FORMAT = "dwarf-with-dsym";
				ENABLE_NS_ASSERTIONS = NO;
				ENABLE_STRICT_OBJC_MSGSEND = YES;
				ENABLE_USER_SCRIPT_SANDBOXING = YES;
				GCC_C_LANGUAGE_STANDARD = gnu17;
				GCC_NO_COMMON_BLOCKS = YES;
				GCC_WARN_64_TO_32_BIT_CONVERSION = YES;
				GCC_WARN_ABOUT_RETURN_TYPE = YES_ERROR;
				GCC_WARN_UNDECLARED_SELECTOR = YES;
				GCC_WARN_UNINITIALIZED_AUTOS = YES_AGGRESSIVE;
				GCC_WARN_UNUSED_FUNCTION = YES;
				GCC_WARN_UNUSED_VARIABLE = YES;
				IPHONEOS_DEPLOYMENT_TARGET = 17.5;
				LOCALIZATION_PREFERS_STRING_CATALOGS = YES;
				MTL_ENABLE_DEBUG_INFO = NO;
				MTL_FAST_MATH = YES;
				SDKROOT = iphoneos;
				SWIFT_COMPILATION_MODE = wholemodule;
				VALIDATE_PRODUCT = YES;
			};
			name = Release;
		};
		61042D982C46ACD000CC8B4C /* Debug */ = {
			isa = XCBuildConfiguration;
			buildSettings = {
				ASSETCATALOG_COMPILER_APPICON_NAME = AppIcon;
				ASSETCATALOG_COMPILER_GLOBAL_ACCENT_COLOR_NAME = AccentColor;
				CODE_SIGN_STYLE = Automatic;
				CURRENT_PROJECT_VERSION = 1;
				GENERATE_INFOPLIST_FILE = YES;
				INFOPLIST_FILE = Project7/Info.plist;
				INFOPLIST_KEY_UIApplicationSupportsIndirectInputEvents = YES;
				INFOPLIST_KEY_UILaunchStoryboardName = LaunchScreen;
				INFOPLIST_KEY_UIMainStoryboardFile = Main;
				INFOPLIST_KEY_UISupportedInterfaceOrientations_iPad = "UIInterfaceOrientationPortrait UIInterfaceOrientationPortraitUpsideDown UIInterfaceOrientationLandscapeLeft UIInterfaceOrientationLandscapeRight";
				INFOPLIST_KEY_UISupportedInterfaceOrientations_iPhone = "UIInterfaceOrientationPortrait UIInterfaceOrientationLandscapeLeft UIInterfaceOrientationLandscapeRight";
				LD_RUNPATH_SEARCH_PATHS = (
					"$(inherited)",
					"@executable_path/Frameworks",
				);
				MARKETING_VERSION = 1.0;
				PRODUCT_BUNDLE_IDENTIFIER = com.example.Project7;
				PRODUCT_NAME = "$(TARGET_NAME)";
				SWIFT_EMIT_LOC_STRINGS = YES;
				SWIFT_VERSION = 5.0;
				TARGETED_DEVICE_FAMILY = "1,2";
			};
			name = Debug;
		};
		61042D992C46ACD000CC8B4C /* Release */ = {
			isa = XCBuildConfiguration;
			buildSettings = {
				ASSETCATALOG_COMPILER_APPICON_NAME = AppIcon;
				ASSETCATALOG_COMPILER_GLOBAL_ACCENT_COLOR_NAME = AccentColor;
				CODE_SIGN_STYLE = Automatic;
				CURRENT_PROJECT_VERSION = 1;
				GENERATE_INFOPLIST_FILE = YES;
				INFOPLIST_FILE = Project7/Info.plist;
				INFOPLIST_KEY_UIApplicationSupportsIndirectInputEvents = YES;
				INFOPLIST_KEY_UILaunchStoryboardName = LaunchScreen;
				INFOPLIST_KEY_UIMainStoryboardFile = Main;
				INFOPLIST_KEY_UISupportedInterfaceOrientations_iPad = "UIInterfaceOrientationPortrait UIInterfaceOrientationPortraitUpsideDown UIInterfaceOrientationLandscapeLeft UIInterfaceOrientationLandscapeRight";
				INFOPLIST_KEY_UISupportedInterfaceOrientations_iPhone = "UIInterfaceOrientationPortrait UIInterfaceOrientationLandscapeLeft UIInterfaceOrientationLandscapeRight";
				LD_RUNPATH_SEARCH_PATHS = (
					"$(inherited)",
					"@executable_path/Frameworks",
				);
				MARKETING_VERSION = 1.0;
				PRODUCT_BUNDLE_IDENTIFIER = com.example.Project7;
				PRODUCT_NAME = "$(TARGET_NAME)";
				SWIFT_EMIT_LOC_STRINGS = YES;
				SWIFT_VERSION = 5.0;
				TARGETED_DEVICE_FAMILY = "1,2";
			};
			name = Release;
		};
/* End XCBuildConfiguration section */

/* Begin XCConfigurationList section */
		61042D7E2C46ACCE00CC8B4C /* Build configuration list for PBXProject "Project7" */ = {
			isa = XCConfigurationList;
			buildConfigurations = (
				61042D952C46ACD000CC8B4C /* Debug */,
				61042D962C46ACD000CC8B4C /* Release */,
			);
			defaultConfigurationIsVisible = 0;
			defaultConfigurationName = Release;
		};
		61042D972C46ACD000CC8B4C /* Build configuration list for PBXNativeTarget "Project7" */ = {
			isa = XCConfigurationList;
			buildConfigurations = (
				61042D982C46ACD000CC8B4C /* Debug */,
				61042D992C46ACD000CC8B4C /* Release */,
			);
			defaultConfigurationIsVisible = 0;
			defaultConfigurationName = Release;
		};
/* End XCConfigurationList section */
	};
	rootObject = 61042D7B2C46ACCE00CC8B4C /* Project object */;
}
