// !$*UTF8*$!
{
	archiveVersion = 1;
	classes = {
	};
	objectVersion = 56;
	objects = {

/* Begin PBXBuildFile section */
		6119A70D2C41159C00E9A379 /* AppDelegate.swift in Sources */ = {isa = PBXBuildFile; fileRef = 6119A70C2C41159C00E9A379 /* AppDelegate.swift */; };
		6119A70F2C41159C00E9A379 /* SceneDelegate.swift in Sources */ = {isa = PBXBuildFile; fileRef = 6119A70E2C41159C00E9A379 /* SceneDelegate.swift */; };
		6119A7162C41159D00E9A379 /* Assets.xcassets in Resources */ = {isa = PBXBuildFile; fileRef = 6119A7152C41159D00E9A379 /* Assets.xcassets */; };
		6119A7192C41159D00E9A379 /* Base in Resources */ = {isa = PBXBuildFile; fileRef = 6119A7182C41159D00E9A379 /* Base */; };
		6119A7212C41160800E9A379 /* TableViewController.swift in Sources */ = {isa = PBXBuildFile; fileRef = 6119A7202C41160800E9A379 /* TableViewController.swift */; };
		6119A73B2C4118F600E9A379 /* monaco@2x.png in Resources */ = {isa = PBXBuildFile; fileRef = 6119A7232C4118F500E9A379 /* monaco@2x.png */; };
		6119A73C2C4118F600E9A379 /* ireland@2x.png in Resources */ = {isa = PBXBuildFile; fileRef = 6119A7242C4118F500E9A379 /* ireland@2x.png */; };
		6119A73D2C4118F600E9A379 /* uk@2x.png in Resources */ = {isa = PBXBuildFile; fileRef = 6119A7252C4118F500E9A379 /* uk@2x.png */; };
		6119A73E2C4118F600E9A379 /* monaco@3x.png in Resources */ = {isa = PBXBuildFile; fileRef = 6119A7262C4118F500E9A379 /* monaco@3x.png */; };
		6119A73F2C4118F600E9A379 /* italy@2x.png in Resources */ = {isa = PBXBuildFile; fileRef = 6119A7272C4118F500E9A379 /* italy@2x.png */; };
		6119A7402C4118F600E9A379 /* france@2x.png in Resources */ = {isa = PBXBuildFile; fileRef = 6119A7282C4118F600E9A379 /* france@2x.png */; };
		6119A7412C4118F600E9A379 /* italy@3x.png in Resources */ = {isa = PBXBuildFile; fileRef = 6119A7292C4118F600E9A379 /* italy@3x.png */; };
		6119A7422C4118F600E9A379 /* uk@3x.png in Resources */ = {isa = PBXBuildFile; fileRef = 6119A72A2C4118F600E9A379 /* uk@3x.png */; };
		6119A7432C4118F600E9A379 /* germany@3x.png in Resources */ = {isa = PBXBuildFile; fileRef = 6119A72B2C4118F600E9A379 /* germany@3x.png */; };
		6119A7442C4118F600E9A379 /* nigeria@2x.png in Resources */ = {isa = PBXBuildFile; fileRef = 6119A72C2C4118F600E9A379 /* nigeria@2x.png */; };
		6119A7452C4118F600E9A379 /* us@2x.png in Resources */ = {isa = PBXBuildFile; fileRef = 6119A72D2C4118F600E9A379 /* us@2x.png */; };
		6119A7462C4118F600E9A379 /* estonia@2x.png in Resources */ = {isa = PBXBuildFile; fileRef = 6119A72E2C4118F600E9A379 /* estonia@2x.png */; };
		6119A7472C4118F600E9A379 /* france@3x.png in Resources */ = {isa = PBXBuildFile; fileRef = 6119A72F2C4118F600E9A379 /* france@3x.png */; };
		6119A7482C4118F600E9A379 /* us@3x.png in Resources */ = {isa = PBXBuildFile; fileRef = 6119A7302C4118F600E9A379 /* us@3x.png */; };
		6119A7492C4118F600E9A379 /* spain@2x.png in Resources */ = {isa = PBXBuildFile; fileRef = 6119A7312C4118F600E9A379 /* spain@2x.png */; };
		6119A74A2C4118F600E9A379 /* estonia@3x.png in Resources */ = {isa = PBXBuildFile; fileRef = 6119A7322C4118F600E9A379 /* estonia@3x.png */; };
		6119A74B2C4118F600E9A379 /* nigeria@3x.png in Resources */ = {isa = PBXBuildFile; fileRef = 6119A7332C4118F600E9A379 /* nigeria@3x.png */; };
		6119A74C2C4118F600E9A379 /* spain@3x.png in Resources */ = {isa = PBXBuildFile; fileRef = 6119A7342C4118F600E9A379 /* spain@3x.png */; };
		6119A74D2C4118F600E9A379 /* ireland@3x.png in Resources */ = {isa = PBXBuildFile; fileRef = 6119A7352C4118F600E9A379 /* ireland@3x.png */; };
		6119A74E2C4118F600E9A379 /* poland@3x.png in Resources */ = {isa = PBXBuildFile; fileRef = 6119A7362C4118F600E9A379 /* poland@3x.png */; };
		6119A74F2C4118F600E9A379 /* poland@2x.png in Resources */ = {isa = PBXBuildFile; fileRef = 6119A7372C4118F600E9A379 /* poland@2x.png */; };
		6119A7502C4118F600E9A379 /* russia@2x.png in Resources */ = {isa = PBXBuildFile; fileRef = 6119A7382C4118F600E9A379 /* russia@2x.png */; };
		6119A7512C4118F600E9A379 /* russia@3x.png in Resources */ = {isa = PBXBuildFile; fileRef = 6119A7392C4118F600E9A379 /* russia@3x.png */; };
		6119A7522C4118F600E9A379 /* germany@2x.png in Resources */ = {isa = PBXBuildFile; fileRef = 6119A73A2C4118F600E9A379 /* germany@2x.png */; };
		61A76FC32C412153003DB407 /* Main.storyboard in Resources */ = {isa = PBXBuildFile; fileRef = 61A76FC22C412153003DB407 /* Main.storyboard */; };
		61A76FC52C41243D003DB407 /* DetailVC.swift in Sources */ = {isa = PBXBuildFile; fileRef = 61A76FC42C41243D003DB407 /* DetailVC.swift */; };
/* End PBXBuildFile section */

/* Begin PBXFileReference section */
		6119A7092C41159C00E9A379 /* Milestone1-3.app */ = {isa = PBXFileReference; explicitFileType = wrapper.application; includeInIndex = 0; path = "Milestone1-3.app"; sourceTree = BUILT_PRODUCTS_DIR; };
		6119A70C2C41159C00E9A379 /* AppDelegate.swift */ = {isa = PBXFileReference; lastKnownFileType = sourcecode.swift; path = AppDelegate.swift; sourceTree = "<group>"; };
		6119A70E2C41159C00E9A379 /* SceneDelegate.swift */ = {isa = PBXFileReference; lastKnownFileType = sourcecode.swift; path = SceneDelegate.swift; sourceTree = "<group>"; };
		6119A7152C41159D00E9A379 /* Assets.xcassets */ = {isa = PBXFileReference; lastKnownFileType = folder.assetcatalog; path = Assets.xcassets; sourceTree = "<group>"; };
		6119A7182C41159D00E9A379 /* Base */ = {isa = PBXFileReference; lastKnownFileType = file.storyboard; name = Base; path = Base.lproj/LaunchScreen.storyboard; sourceTree = "<group>"; };
		6119A71A2C41159D00E9A379 /* Info.plist */ = {isa = PBXFileReference; lastKnownFileType = text.plist.xml; path = Info.plist; sourceTree = "<group>"; };
		6119A7202C41160800E9A379 /* TableViewController.swift */ = {isa = PBXFileReference; lastKnownFileType = sourcecode.swift; path = TableViewController.swift; sourceTree = "<group>"; };
		6119A7232C4118F500E9A379 /* monaco@2x.png */ = {isa = PBXFileReference; lastKnownFileType = image.png; path = "monaco@2x.png"; sourceTree = "<group>"; };
		6119A7242C4118F500E9A379 /* ireland@2x.png */ = {isa = PBXFileReference; lastKnownFileType = image.png; path = "ireland@2x.png"; sourceTree = "<group>"; };
		6119A7252C4118F500E9A379 /* uk@2x.png */ = {isa = PBXFileReference; lastKnownFileType = image.png; path = "uk@2x.png"; sourceTree = "<group>"; };
		6119A7262C4118F500E9A379 /* monaco@3x.png */ = {isa = PBXFileReference; lastKnownFileType = image.png; path = "monaco@3x.png"; sourceTree = "<group>"; };
		6119A7272C4118F500E9A379 /* italy@2x.png */ = {isa = PBXFileReference; lastKnownFileType = image.png; path = "italy@2x.png"; sourceTree = "<group>"; };
		6119A7282C4118F600E9A379 /* france@2x.png */ = {isa = PBXFileReference; lastKnownFileType = image.png; path = "france@2x.png"; sourceTree = "<group>"; };
		6119A7292C4118F600E9A379 /* italy@3x.png */ = {isa = PBXFileReference; lastKnownFileType = image.png; path = "italy@3x.png"; sourceTree = "<group>"; };
		6119A72A2C4118F600E9A379 /* uk@3x.png */ = {isa = PBXFileReference; lastKnownFileType = image.png; path = "uk@3x.png"; sourceTree = "<group>"; };
		6119A72B2C4118F600E9A379 /* germany@3x.png */ = {isa = PBXFileReference; lastKnownFileType = image.png; path = "germany@3x.png"; sourceTree = "<group>"; };
		6119A72C2C4118F600E9A379 /* nigeria@2x.png */ = {isa = PBXFileReference; lastKnownFileType = image.png; path = "nigeria@2x.png"; sourceTree = "<group>"; };
		6119A72D2C4118F600E9A379 /* us@2x.png */ = {isa = PBXFileReference; lastKnownFileType = image.png; path = "us@2x.png"; sourceTree = "<group>"; };
		6119A72E2C4118F600E9A379 /* estonia@2x.png */ = {isa = PBXFileReference; lastKnownFileType = image.png; path = "estonia@2x.png"; sourceTree = "<group>"; };
		6119A72F2C4118F600E9A379 /* france@3x.png */ = {isa = PBXFileReference; lastKnownFileType = image.png; path = "france@3x.png"; sourceTree = "<group>"; };
		6119A7302C4118F600E9A379 /* us@3x.png */ = {isa = PBXFileReference; lastKnownFileType = image.png; path = "us@3x.png"; sourceTree = "<group>"; };
		6119A7312C4118F600E9A379 /* spain@2x.png */ = {isa = PBXFileReference; lastKnownFileType = image.png; path = "spain@2x.png"; sourceTree = "<group>"; };
		6119A7322C4118F600E9A379 /* estonia@3x.png */ = {isa = PBXFileReference; lastKnownFileType = image.png; path = "estonia@3x.png"; sourceTree = "<group>"; };
		6119A7332C4118F600E9A379 /* nigeria@3x.png */ = {isa = PBXFileReference; lastKnownFileType = image.png; path = "nigeria@3x.png"; sourceTree = "<group>"; };
		6119A7342C4118F600E9A379 /* spain@3x.png */ = {isa = PBXFileReference; lastKnownFileType = image.png; path = "spain@3x.png"; sourceTree = "<group>"; };
		6119A7352C4118F600E9A379 /* ireland@3x.png */ = {isa = PBXFileReference; lastKnownFileType = image.png; path = "ireland@3x.png"; sourceTree = "<group>"; };
		6119A7362C4118F600E9A379 /* poland@3x.png */ = {isa = PBXFileReference; lastKnownFileType = image.png; path = "poland@3x.png"; sourceTree = "<group>"; };
		6119A7372C4118F600E9A379 /* poland@2x.png */ = {isa = PBXFileReference; lastKnownFileType = image.png; path = "poland@2x.png"; sourceTree = "<group>"; };
		6119A7382C4118F600E9A379 /* russia@2x.png */ = {isa = PBXFileReference; lastKnownFileType = image.png; path = "russia@2x.png"; sourceTree = "<group>"; };
		6119A7392C4118F600E9A379 /* russia@3x.png */ = {isa = PBXFileReference; lastKnownFileType = image.png; path = "russia@3x.png"; sourceTree = "<group>"; };
		6119A73A2C4118F600E9A379 /* germany@2x.png */ = {isa = PBXFileReference; lastKnownFileType = image.png; path = "germany@2x.png"; sourceTree = "<group>"; };
		61A76FC22C412153003DB407 /* Main.storyboard */ = {isa = PBXFileReference; lastKnownFileType = file.storyboard; path = Main.storyboard; sourceTree = "<group>"; };
		61A76FC42C41243D003DB407 /* DetailVC.swift */ = {isa = PBXFileReference; lastKnownFileType = sourcecode.swift; path = DetailVC.swift; sourceTree = "<group>"; };
/* End PBXFileReference section */

/* Begin PBXFrameworksBuildPhase section */
		6119A7062C41159C00E9A379 /* Frameworks */ = {
			isa = PBXFrameworksBuildPhase;
			buildActionMask = 2147483647;
			files = (
			);
			runOnlyForDeploymentPostprocessing = 0;
		};
/* End PBXFrameworksBuildPhase section */

/* Begin PBXGroup section */
		6119A7002C41159C00E9A379 = {
			isa = PBXGroup;
			children = (
				6119A70B2C41159C00E9A379 /* Milestone1-3 */,
				6119A70A2C41159C00E9A379 /* Products */,
			);
			sourceTree = "<group>";
		};
		6119A70A2C41159C00E9A379 /* Products */ = {
			isa = PBXGroup;
			children = (
				6119A7092C41159C00E9A379 /* Milestone1-3.app */,
			);
			name = Products;
			sourceTree = "<group>";
		};
		6119A70B2C41159C00E9A379 /* Milestone1-3 */ = {
			isa = PBXGroup;
			children = (
				61A76FC22C412153003DB407 /* Main.storyboard */,
				6119A70C2C41159C00E9A379 /* AppDelegate.swift */,
				6119A70E2C41159C00E9A379 /* SceneDelegate.swift */,
				6119A7202C41160800E9A379 /* TableViewController.swift */,
				6119A7152C41159D00E9A379 /* Assets.xcassets */,
				6119A7222C4118C400E9A379 /* images */,
				6119A7172C41159D00E9A379 /* LaunchScreen.storyboard */,
				6119A71A2C41159D00E9A379 /* Info.plist */,
				61A76FC42C41243D003DB407 /* DetailVC.swift */,
			);
			path = "Milestone1-3";
			sourceTree = "<group>";
		};
		6119A7222C4118C400E9A379 /* images */ = {
			isa = PBXGroup;
			children = (
				6119A72E2C4118F600E9A379 /* estonia@2x.png */,
				6119A7322C4118F600E9A379 /* estonia@3x.png */,
				6119A7282C4118F600E9A379 /* france@2x.png */,
				6119A72F2C4118F600E9A379 /* france@3x.png */,
				6119A73A2C4118F600E9A379 /* germany@2x.png */,
				6119A72B2C4118F600E9A379 /* germany@3x.png */,
				6119A7242C4118F500E9A379 /* ireland@2x.png */,
				6119A7352C4118F600E9A379 /* ireland@3x.png */,
				6119A7272C4118F500E9A379 /* italy@2x.png */,
				6119A7292C4118F600E9A379 /* italy@3x.png */,
				6119A7232C4118F500E9A379 /* monaco@2x.png */,
				6119A7262C4118F500E9A379 /* monaco@3x.png */,
				6119A72C2C4118F600E9A379 /* nigeria@2x.png */,
				6119A7332C4118F600E9A379 /* nigeria@3x.png */,
				6119A7372C4118F600E9A379 /* poland@2x.png */,
				6119A7362C4118F600E9A379 /* poland@3x.png */,
				6119A7382C4118F600E9A379 /* russia@2x.png */,
				6119A7392C4118F600E9A379 /* russia@3x.png */,
				6119A7312C4118F600E9A379 /* spain@2x.png */,
				6119A7342C4118F600E9A379 /* spain@3x.png */,
				6119A7252C4118F500E9A379 /* uk@2x.png */,
				6119A72A2C4118F600E9A379 /* uk@3x.png */,
				6119A72D2C4118F600E9A379 /* us@2x.png */,
				6119A7302C4118F600E9A379 /* us@3x.png */,
			);
			path = images;
			sourceTree = "<group>";
		};
/* End PBXGroup section */

/* Begin PBXNativeTarget section */
		6119A7082C41159C00E9A379 /* Milestone1-3 */ = {
			isa = PBXNativeTarget;
			buildConfigurationList = 6119A71D2C41159D00E9A379 /* Build configuration list for PBXNativeTarget "Milestone1-3" */;
			buildPhases = (
				6119A7052C41159C00E9A379 /* Sources */,
				6119A7062C41159C00E9A379 /* Frameworks */,
				6119A7072C41159C00E9A379 /* Resources */,
			);
			buildRules = (
			);
			dependencies = (
			);
			name = "Milestone1-3";
			productName = "Milestone1-3";
			productReference = 6119A7092C41159C00E9A379 /* Milestone1-3.app */;
			productType = "com.apple.product-type.application";
		};
/* End PBXNativeTarget section */

/* Begin PBXProject section */
		6119A7012C41159C00E9A379 /* Project object */ = {
			isa = PBXProject;
			attributes = {
				BuildIndependentTargetsInParallel = 1;
				LastSwiftUpdateCheck = 1540;
				LastUpgradeCheck = 1540;
				TargetAttributes = {
					6119A7082C41159C00E9A379 = {
						CreatedOnToolsVersion = 15.4;
					};
				};
			};
			buildConfigurationList = 6119A7042C41159C00E9A379 /* Build configuration list for PBXProject "Milestone1-3" */;
			compatibilityVersion = "Xcode 14.0";
			developmentRegion = en;
			hasScannedForEncodings = 0;
			knownRegions = (
				en,
				Base,
			);
			mainGroup = 6119A7002C41159C00E9A379;
			productRefGroup = 6119A70A2C41159C00E9A379 /* Products */;
			projectDirPath = "";
			projectRoot = "";
			targets = (
				6119A7082C41159C00E9A379 /* Milestone1-3 */,
			);
		};
/* End PBXProject section */

/* Begin PBXResourcesBuildPhase section */
		6119A7072C41159C00E9A379 /* Resources */ = {
			isa = PBXResourcesBuildPhase;
			buildActionMask = 2147483647;
			files = (
				6119A7482C4118F600E9A379 /* us@3x.png in Resources */,
				6119A7452C4118F600E9A379 /* us@2x.png in Resources */,
				6119A73D2C4118F600E9A379 /* uk@2x.png in Resources */,
				6119A7412C4118F600E9A379 /* italy@3x.png in Resources */,
				6119A73E2C4118F600E9A379 /* monaco@3x.png in Resources */,
				6119A7432C4118F600E9A379 /* germany@3x.png in Resources */,
				61A76FC32C412153003DB407 /* Main.storyboard in Resources */,
				6119A74A2C4118F600E9A379 /* estonia@3x.png in Resources */,
				6119A7442C4118F600E9A379 /* nigeria@2x.png in Resources */,
				6119A7522C4118F600E9A379 /* germany@2x.png in Resources */,
				6119A74F2C4118F600E9A379 /* poland@2x.png in Resources */,
				6119A7162C41159D00E9A379 /* Assets.xcassets in Resources */,
				6119A7192C41159D00E9A379 /* Base in Resources */,
				6119A73F2C4118F600E9A379 /* italy@2x.png in Resources */,
				6119A7402C4118F600E9A379 /* france@2x.png in Resources */,
				6119A7502C4118F600E9A379 /* russia@2x.png in Resources */,
				6119A7472C4118F600E9A379 /* france@3x.png in Resources */,
				6119A74C2C4118F600E9A379 /* spain@3x.png in Resources */,
				6119A7462C4118F600E9A379 /* estonia@2x.png in Resources */,
				6119A74B2C4118F600E9A379 /* nigeria@3x.png in Resources */,
				6119A74D2C4118F600E9A379 /* ireland@3x.png in Resources */,
				6119A7422C4118F600E9A379 /* uk@3x.png in Resources */,
				6119A74E2C4118F600E9A379 /* poland@3x.png in Resources */,
				6119A7512C4118F600E9A379 /* russia@3x.png in Resources */,
				6119A73C2C4118F600E9A379 /* ireland@2x.png in Resources */,
				6119A7492C4118F600E9A379 /* spain@2x.png in Resources */,
				6119A73B2C4118F600E9A379 /* monaco@2x.png in Resources */,
			);
			runOnlyForDeploymentPostprocessing = 0;
		};
/* End PBXResourcesBuildPhase section */

/* Begin PBXSourcesBuildPhase section */
		6119A7052C41159C00E9A379 /* Sources */ = {
			isa = PBXSourcesBuildPhase;
			buildActionMask = 2147483647;
			files = (
				6119A70D2C41159C00E9A379 /* AppDelegate.swift in Sources */,
				61A76FC52C41243D003DB407 /* DetailVC.swift in Sources */,
				6119A7212C41160800E9A379 /* TableViewController.swift in Sources */,
				6119A70F2C41159C00E9A379 /* SceneDelegate.swift in Sources */,
			);
			runOnlyForDeploymentPostprocessing = 0;
		};
/* End PBXSourcesBuildPhase section */

/* Begin PBXVariantGroup section */
		6119A7172C41159D00E9A379 /* LaunchScreen.storyboard */ = {
			isa = PBXVariantGroup;
			children = (
				6119A7182C41159D00E9A379 /* Base */,
			);
			name = LaunchScreen.storyboard;
			sourceTree = "<group>";
		};
/* End PBXVariantGroup section */

/* Begin XCBuildConfiguration section */
		6119A71B2C41159D00E9A379 /* Debug */ = {
			isa = XCBuildConfiguration;
			buildSettings = {
				ALWAYS_SEARCH_USER_PATHS = NO;
				ASSETCATALOG_COMPILER_GENERATE_SWIFT_ASSET_SYMBOL_EXTENSIONS = YES;
				CLANG_ANALYZER_NONNULL = YES;
				CLANG_ANALYZER_NUMBER_OBJECT_CONVERSION = YES_AGGRESSIVE;
				CLANG_CXX_LANGUAGE_STANDARD = "gnu++20";
				CLANG_ENABLE_MODULES = YES;
				CLANG_ENABLE_OBJC_ARC = YES;
				CLANG_ENABLE_OBJC_WEAK = YES;
				CLANG_WARN_BLOCK_CAPTURE_AUTORELEASING = YES;
				CLANG_WARN_BOOL_CONVERSION = YES;
				CLANG_WARN_COMMA = YES;
				CLANG_WARN_CONSTANT_CONVERSION = YES;
				CLANG_WARN_DEPRECATED_OBJC_IMPLEMENTATIONS = YES;
				CLANG_WARN_DIRECT_OBJC_ISA_USAGE = YES_ERROR;
				CLANG_WARN_DOCUMENTATION_COMMENTS = YES;
				CLANG_WARN_EMPTY_BODY = YES;
				CLANG_WARN_ENUM_CONVERSION = YES;
				CLANG_WARN_INFINITE_RECURSION = YES;
				CLANG_WARN_INT_CONVERSION = YES;
				CLANG_WARN_NON_LITERAL_NULL_CONVERSION = YES;
				CLANG_WARN_OBJC_IMPLICIT_RETAIN_SELF = YES;
				CLANG_WARN_OBJC_LITERAL_CONVERSION = YES;
				CLANG_WARN_OBJC_ROOT_CLASS = YES_ERROR;
				CLANG_WARN_QUOTED_INCLUDE_IN_FRAMEWORK_HEADER = YES;
				CLANG_WARN_RANGE_LOOP_ANALYSIS = YES;
				CLANG_WARN_STRICT_PROTOTYPES = YES;
				CLANG_WARN_SUSPICIOUS_MOVE = YES;
				CLANG_WARN_UNGUARDED_AVAILABILITY = YES_AGGRESSIVE;
				CLANG_WARN_UNREACHABLE_CODE = YES;
				CLANG_WARN__DUPLICATE_METHOD_MATCH = YES;
				COPY_PHASE_STRIP = NO;
				DEBUG_INFORMATION_FORMAT = dwarf;
				ENABLE_STRICT_OBJC_MSGSEND = YES;
				ENABLE_TESTABILITY = YES;
				ENABLE_USER_SCRIPT_SANDBOXING = YES;
				GCC_C_LANGUAGE_STANDARD = gnu17;
				GCC_DYNAMIC_NO_PIC = NO;
				GCC_NO_COMMON_BLOCKS = YES;
				GCC_OPTIMIZATION_LEVEL = 0;
				GCC_PREPROCESSOR_DEFINITIONS = (
					"DEBUG=1",
					"$(inherited)",
				);
				GCC_WARN_64_TO_32_BIT_CONVERSION = YES;
				GCC_WARN_ABOUT_RETURN_TYPE = YES_ERROR;
				GCC_WARN_UNDECLARED_SELECTOR = YES;
				GCC_WARN_UNINITIALIZED_AUTOS = YES_AGGRESSIVE;
				GCC_WARN_UNUSED_FUNCTION = YES;
				GCC_WARN_UNUSED_VARIABLE = YES;
				IPHONEOS_DEPLOYMENT_TARGET = 17.5;
				LOCALIZATION_PREFERS_STRING_CATALOGS = YES;
				MTL_ENABLE_DEBUG_INFO = INCLUDE_SOURCE;
				MTL_FAST_MATH = YES;
				ONLY_ACTIVE_ARCH = YES;
				SDKROOT = iphoneos;
				SWIFT_ACTIVE_COMPILATION_CONDITIONS = "DEBUG $(inherited)";
				SWIFT_OPTIMIZATION_LEVEL = "-Onone";
			};
			name = Debug;
		};
		6119A71C2C41159D00E9A379 /* Release */ = {
			isa = XCBuildConfiguration;
			buildSettings = {
				ALWAYS_SEARCH_USER_PATHS = NO;
				ASSETCATALOG_COMPILER_GENERATE_SWIFT_ASSET_SYMBOL_EXTENSIONS = YES;
				CLANG_ANALYZER_NONNULL = YES;
				CLANG_ANALYZER_NUMBER_OBJECT_CONVERSION = YES_AGGRESSIVE;
				CLANG_CXX_LANGUAGE_STANDARD = "gnu++20";
				CLANG_ENABLE_MODULES = YES;
				CLANG_ENABLE_OBJC_ARC = YES;
				CLANG_ENABLE_OBJC_WEAK = YES;
				CLANG_WARN_BLOCK_CAPTURE_AUTORELEASING = YES;
				CLANG_WARN_BOOL_CONVERSION = YES;
				CLANG_WARN_COMMA = YES;
				CLANG_WARN_CONSTANT_CONVERSION = YES;
				CLANG_WARN_DEPRECATED_OBJC_IMPLEMENTATIONS = YES;
				CLANG_WARN_DIRECT_OBJC_ISA_USAGE = YES_ERROR;
				CLANG_WARN_DOCUMENTATION_COMMENTS = YES;
				CLANG_WARN_EMPTY_BODY = YES;
				CLANG_WARN_ENUM_CONVERSION = YES;
				CLANG_WARN_INFINITE_RECURSION = YES;
				CLANG_WARN_INT_CONVERSION = YES;
				CLANG_WARN_NON_LITERAL_NULL_CONVERSION = YES;
				CLANG_WARN_OBJC_IMPLICIT_RETAIN_SELF = YES;
				CLANG_WARN_OBJC_LITERAL_CONVERSION = YES;
				CLANG_WARN_OBJC_ROOT_CLASS = YES_ERROR;
				CLANG_WARN_QUOTED_INCLUDE_IN_FRAMEWORK_HEADER = YES;
				CLANG_WARN_RANGE_LOOP_ANALYSIS = YES;
				CLANG_WARN_STRICT_PROTOTYPES = YES;
				CLANG_WARN_SUSPICIOUS_MOVE = YES;
				CLANG_WARN_UNGUARDED_AVAILABILITY = YES_AGGRESSIVE;
				CLANG_WARN_UNREACHABLE_CODE = YES;
				CLANG_WARN__DUPLICATE_METHOD_MATCH = YES;
				COPY_PHASE_STRIP = NO;
				DEBUG_INFORMATION_FORMAT = "dwarf-with-dsym";
				ENABLE_NS_ASSERTIONS = NO;
				ENABLE_STRICT_OBJC_MSGSEND = YES;
				ENABLE_USER_SCRIPT_SANDBOXING = YES;
				GCC_C_LANGUAGE_STANDARD = gnu17;
				GCC_NO_COMMON_BLOCKS = YES;
				GCC_WARN_64_TO_32_BIT_CONVERSION = YES;
				GCC_WARN_ABOUT_RETURN_TYPE = YES_ERROR;
				GCC_WARN_UNDECLARED_SELECTOR = YES;
				GCC_WARN_UNINITIALIZED_AUTOS = YES_AGGRESSIVE;
				GCC_WARN_UNUSED_FUNCTION = YES;
				GCC_WARN_UNUSED_VARIABLE = YES;
				IPHONEOS_DEPLOYMENT_TARGET = 17.5;
				LOCALIZATION_PREFERS_STRING_CATALOGS = YES;
				MTL_ENABLE_DEBUG_INFO = NO;
				MTL_FAST_MATH = YES;
				SDKROOT = iphoneos;
				SWIFT_COMPILATION_MODE = wholemodule;
				VALIDATE_PRODUCT = YES;
			};
			name = Release;
		};
		6119A71E2C41159D00E9A379 /* Debug */ = {
			isa = XCBuildConfiguration;
			buildSettings = {
				ASSETCATALOG_COMPILER_APPICON_NAME = AppIcon;
				ASSETCATALOG_COMPILER_GLOBAL_ACCENT_COLOR_NAME = AccentColor;
				CODE_SIGN_STYLE = Automatic;
				CURRENT_PROJECT_VERSION = 1;
				GENERATE_INFOPLIST_FILE = YES;
				INFOPLIST_FILE = "Milestone1-3/Info.plist";
				INFOPLIST_KEY_UIApplicationSupportsIndirectInputEvents = YES;
				INFOPLIST_KEY_UILaunchStoryboardName = LaunchScreen;
				INFOPLIST_KEY_UIMainStoryboardFile = Main;
				INFOPLIST_KEY_UISupportedInterfaceOrientations_iPad = "UIInterfaceOrientationPortrait UIInterfaceOrientationPortraitUpsideDown UIInterfaceOrientationLandscapeLeft UIInterfaceOrientationLandscapeRight";
				INFOPLIST_KEY_UISupportedInterfaceOrientations_iPhone = "UIInterfaceOrientationPortrait UIInterfaceOrientationLandscapeLeft UIInterfaceOrientationLandscapeRight";
				LD_RUNPATH_SEARCH_PATHS = (
					"$(inherited)",
					"@executable_path/Frameworks",
				);
				MARKETING_VERSION = 1.0;
				PRODUCT_BUNDLE_IDENTIFIER = "com.example.Milestone1-3";
				PRODUCT_NAME = "$(TARGET_NAME)";
				SWIFT_EMIT_LOC_STRINGS = YES;
				SWIFT_VERSION = 5.0;
				TARGETED_DEVICE_FAMILY = "1,2";
			};
			name = Debug;
		};
		6119A71F2C41159D00E9A379 /* Release */ = {
			isa = XCBuildConfiguration;
			buildSettings = {
				ASSETCATALOG_COMPILER_APPICON_NAME = AppIcon;
				ASSETCATALOG_COMPILER_GLOBAL_ACCENT_COLOR_NAME = AccentColor;
				CODE_SIGN_STYLE = Automatic;
				CURRENT_PROJECT_VERSION = 1;
				GENERATE_INFOPLIST_FILE = YES;
				INFOPLIST_FILE = "Milestone1-3/Info.plist";
				INFOPLIST_KEY_UIApplicationSupportsIndirectInputEvents = YES;
				INFOPLIST_KEY_UILaunchStoryboardName = LaunchScreen;
				INFOPLIST_KEY_UIMainStoryboardFile = Main;
				INFOPLIST_KEY_UISupportedInterfaceOrientations_iPad = "UIInterfaceOrientationPortrait UIInterfaceOrientationPortraitUpsideDown UIInterfaceOrientationLandscapeLeft UIInterfaceOrientationLandscapeRight";
				INFOPLIST_KEY_UISupportedInterfaceOrientations_iPhone = "UIInterfaceOrientationPortrait UIInterfaceOrientationLandscapeLeft UIInterfaceOrientationLandscapeRight";
				LD_RUNPATH_SEARCH_PATHS = (
					"$(inherited)",
					"@executable_path/Frameworks",
				);
				MARKETING_VERSION = 1.0;
				PRODUCT_BUNDLE_IDENTIFIER = "com.example.Milestone1-3";
				PRODUCT_NAME = "$(TARGET_NAME)";
				SWIFT_EMIT_LOC_STRINGS = YES;
				SWIFT_VERSION = 5.0;
				TARGETED_DEVICE_FAMILY = "1,2";
			};
			name = Release;
		};
/* End XCBuildConfiguration section */

/* Begin XCConfigurationList section */
		6119A7042C41159C00E9A379 /* Build configuration list for PBXProject "Milestone1-3" */ = {
			isa = XCConfigurationList;
			buildConfigurations = (
				6119A71B2C41159D00E9A379 /* Debug */,
				6119A71C2C41159D00E9A379 /* Release */,
			);
			defaultConfigurationIsVisible = 0;
			defaultConfigurationName = Release;
		};
		6119A71D2C41159D00E9A379 /* Build configuration list for PBXNativeTarget "Milestone1-3" */ = {
			isa = XCConfigurationList;
			buildConfigurations = (
				6119A71E2C41159D00E9A379 /* Debug */,
				6119A71F2C41159D00E9A379 /* Release */,
			);
			defaultConfigurationIsVisible = 0;
			defaultConfigurationName = Release;
		};
/* End XCConfigurationList section */
	};
	rootObject = 6119A7012C41159C00E9A379 /* Project object */;
}
